
Microsoft Visual Studio Solution File, Format Version 12.00
# Visual Studio Version 17
VisualStudioVersion = 17.0.31903.59
MinimumVisualStudioVersion = 10.0.40219.1
Project("{FAE04EC0-301F-11D3-BF4B-00C04F79EFBC}") = "MyFirstConsoleApp", "MyFirstConsoleApp\MyFirstConsoleApp.csproj", "{6B480BA3-ACD8-41F3-9B2C-90EBBE80B1BC}"
EndProject
Global
	GlobalSection(SolutionConfigurationPlatforms) = preSolution
		Debug|Any CPU = Debug|Any CPU
		Release|Any CPU = Release|Any CPU
	EndGlobalSection
	GlobalSection(SolutionProperties) = preSolution
		HideSolutionNode = FALSE
	EndGlobalSection
	GlobalSection(ProjectConfigurationPlatforms) = postSolution
		{6B480BA3-ACD8-41F3-9B2C-90EBBE80B1BC}.Debug|Any CPU.ActiveCfg = Debug|Any CPU
		{6B480BA3-ACD8-41F3-9B2C-90EBBE80B1BC}.Debug|Any CPU.Build.0 = Debug|Any CPU
		{6B480BA3-ACD8-41F3-9B2C-90EBBE80B1BC}.Release|Any CPU.ActiveCfg = Release|Any CPU
		{6B480BA3-ACD8-41F3-9B2C-90EBBE80B1BC}.Release|Any CPU.Build.0 = Release|Any CPU
	EndGlobalSection
EndGlobal
